
Microsoft Visual Studio Solution File, Format Version 12.00
# Visual Studio 15
VisualStudioVersion = 15.0.27703.2042
MinimumVisualStudioVersion = 10.0.40219.1
Project("{FAE04EC0-301F-11D3-BF4B-00C04F79EFBC}") = "Mod2", "Mod2\Mod2.csproj", "{D8F8CDF9-A960-408E-AFE3-DA0F4814B92A}"
EndProject
Global
	GlobalSection(SolutionConfigurationPlatforms) = preSolution
		Debug|Any CPU = Debug|Any CPU
		Release|Any CPU = Release|Any CPU
	EndGlobalSection
	GlobalSection(ProjectConfigurationPlatforms) = postSolution
		{D8F8CDF9-A960-408E-AFE3-DA0F4814B92A}.Debug|Any CPU.ActiveCfg = Debug|Any CPU
		{D8F8CDF9-A960-408E-AFE3-DA0F4814B92A}.Debug|Any CPU.Build.0 = Debug|Any CPU
		{D8F8CDF9-A960-408E-AFE3-DA0F4814B92A}.Release|Any CPU.ActiveCfg = Release|Any CPU
		{D8F8CDF9-A960-408E-AFE3-DA0F4814B92A}.Release|Any CPU.Build.0 = Release|Any CPU
	EndGlobalSection
	GlobalSection(SolutionProperties) = preSolution
		HideSolutionNode = FALSE
	EndGlobalSection
	GlobalSection(ExtensibilityGlobals) = postSolution
		SolutionGuid = {6D963FF0-DE66-461A-88D5-5210E15BA266}
	EndGlobalSection
EndGlobal
